
Microsoft Visual Studio Solution File, Format Version 12.00
# Visual Studio Version 17
VisualStudioVersion = 17.9.34701.34
MinimumVisualStudioVersion = 10.0.40219.1
Project("{FAE04EC0-301F-11D3-BF4B-00C04F79EFBC}") = "FIMS2", "FIMS2.csproj", "{704D31A9-5851-4776-9EDD-8B0ACA174575}"
EndProject
Global
	GlobalSection(SolutionConfigurationPlatforms) = preSolution
		Debug|Any CPU = Debug|Any CPU
		Release|Any CPU = Release|Any CPU
	EndGlobalSection
	GlobalSection(ProjectConfigurationPlatforms) = postSolution
		{704D31A9-5851-4776-9EDD-8B0ACA174575}.Debug|Any CPU.ActiveCfg = Debug|Any CPU
		{704D31A9-5851-4776-9EDD-8B0ACA174575}.Debug|Any CPU.Build.0 = Debug|Any CPU
		{704D31A9-5851-4776-9EDD-8B0ACA174575}.Release|Any CPU.ActiveCfg = Release|Any CPU
		{704D31A9-5851-4776-9EDD-8B0ACA174575}.Release|Any CPU.Build.0 = Release|Any CPU
	EndGlobalSection
	GlobalSection(SolutionProperties) = preSolution
		HideSolutionNode = FALSE
	EndGlobalSection
	GlobalSection(ExtensibilityGlobals) = postSolution
		SolutionGuid = {73EC5F63-8CE7-4665-8209-F0A0F51B6E39}
	EndGlobalSection
EndGlobal
